{
  "originHash" : "bf1ae03e2d0ecd243d6695b916e36cec7c0a125bc0d6c2cd3b418b297273cd5c",
  "pins" : [
    {
      "identity" : "dcui-swift-schema",
      "kind" : "remoteSourceControl",
      "location" : "https://github.com/ROKT/dcui-swift-schema.git",
      "state" : {
        "revision" : "4f7a71eca08710d8f3a5d624b7fffe3bf1a265c6",
        "version" : "2.8.0"
      }
    }
  ],
  "version" : 3
}
