{
  "pins" : [
    {
      "identity" : "dcui-swift-schema",
      "kind" : "remoteSourceControl",
      "location" : "https://github.com/ROKT/dcui-swift-schema.git",
      "state" : {
        "revision" : "e9de285b4d6627f2390db0feec22cc8cb9b42dba",
        "version" : "2.2.0-alpha1"
      }
    },
    {
      "identity" : "viewinspector",
      "kind" : "remoteSourceControl",
      "location" : "https://github.com/nalexn/ViewInspector.git",
      "state" : {
        "revision" : "5acfa0a3c095ac9ad050abe51c60d1831e8321da",
        "version" : "0.10.0"
      }
    }
  ],
  "version" : 2
}
