{
  "pins" : [
    {
      "identity" : "dcui-swift-schema",
      "kind" : "remoteSourceControl",
      "location" : "https://github.com/ROKT/dcui-swift-schema.git",
      "state" : {
        "revision" : "423db759e6c9f0eff52245a5503cab6101c3c646",
        "version" : "2.2.0-alpha4"
      }
    },
    {
      "identity" : "viewinspector",
      "kind" : "remoteSourceControl",
      "location" : "https://github.com/nalexn/ViewInspector.git",
      "state" : {
        "revision" : "5acfa0a3c095ac9ad050abe51c60d1831e8321da",
        "version" : "0.10.0"
      }
    }
  ],
  "version" : 2
}
