{
  "originHash" : "09fac9aded906a23b3eb7e8f7d38ee705307e3b9497d24958370d0951bc69771",
  "pins" : [
    {
      "identity" : "dcui-swift-schema",
      "kind" : "remoteSourceControl",
      "location" : "https://github.com/ROKT/dcui-swift-schema.git",
      "state" : {
        "revision" : "7ae42780fd5b09e1c522f9a5bd4ab04a808a7b25",
        "version" : "2.3.0-loadinganim1"
      }
    }
  ],
  "version" : 3
}
