{
  "originHash" : "0e192e6b460ac1b3024cba8adcb7e585a52c6f27b671001bcb29f75e6975967a",
  "pins" : [
    {
      "identity" : "dcui-swift-schema",
      "kind" : "remoteSourceControl",
      "location" : "https://github.com/ROKT/dcui-swift-schema.git",
      "state" : {
        "revision" : "9f3d65f75034ad4739e4850653d11df587037f21",
        "version" : "2.1.0"
      }
    },
    {
      "identity" : "rokt-ux-helper-ios",
      "kind" : "remoteSourceControl",
      "location" : "https://github.com/ROKT/rokt-ux-helper-ios",
      "state" : {
        "branch" : "main",
        "revision" : "1799eca832edcc8fe0934f4ac805c59d07bb6934"
      }
    }
  ],
  "version" : 3
}
