{
  "originHash" : "09fac9aded906a23b3eb7e8f7d38ee705307e3b9497d24958370d0951bc69771",
  "pins" : [
    {
      "identity" : "dcui-swift-schema",
      "kind" : "remoteSourceControl",
      "location" : "https://github.com/ROKT/dcui-swift-schema.git",
      "state" : {
        "revision" : "c632f25aa777e80512aa3a16c820dbb203b48ff6",
        "version" : "2.3.0-ppu-alpha-16"
      }
    }
  ],
  "version" : 3
}
